
Microsoft Visual Studio Solution File, Format Version 12.00
# Visual Studio Version 16
VisualStudioVersion = 16.0.31911.196
MinimumVisualStudioVersion = 10.0.40219.1
Project("{FAE04EC0-301F-11D3-BF4B-00C04F79EFBC}") = "SimplePenNote", "SimplePenNote\SimplePenNote.csproj", "{64A57884-5927-4BD8-A887-A1B14C92B265}"
EndProject
Global
	GlobalSection(SolutionConfigurationPlatforms) = preSolution
		Debug|Any CPU = Debug|Any CPU
		Release|Any CPU = Release|Any CPU
	EndGlobalSection
	GlobalSection(ProjectConfigurationPlatforms) = postSolution
		{64A57884-5927-4BD8-A887-A1B14C92B265}.Debug|Any CPU.ActiveCfg = Debug|Any CPU
		{64A57884-5927-4BD8-A887-A1B14C92B265}.Debug|Any CPU.Build.0 = Debug|Any CPU
		{64A57884-5927-4BD8-A887-A1B14C92B265}.Release|Any CPU.ActiveCfg = Release|Any CPU
		{64A57884-5927-4BD8-A887-A1B14C92B265}.Release|Any CPU.Build.0 = Release|Any CPU
	EndGlobalSection
	GlobalSection(SolutionProperties) = preSolution
		HideSolutionNode = FALSE
	EndGlobalSection
	GlobalSection(ExtensibilityGlobals) = postSolution
		SolutionGuid = {5EFF5FFE-962C-4F16-8334-A05B88718F74}
	EndGlobalSection
EndGlobal
